
Microsoft Visual Studio Solution File, Format Version 12.00
# Visual Studio Version 17
VisualStudioVersion = 17.14.36511.14 d17.14
MinimumVisualStudioVersion = 10.0.40219.1
Project("{FAE04EC0-301F-11D3-BF4B-00C04F79EFBC}") = "TryExp", "TryExp\TryExp.csproj", "{63E2F66C-F450-4CA7-9D75-44E1233082FD}"
EndProject
Project("{FAE04EC0-301F-11D3-BF4B-00C04F79EFBC}") = "Test", "Test\Test.csproj", "{FC17EE7B-74A8-4063-9058-8F6465E0506F}"
EndProject
Global
	GlobalSection(SolutionConfigurationPlatforms) = preSolution
		Debug|Any CPU = Debug|Any CPU
		Release|Any CPU = Release|Any CPU
	EndGlobalSection
	GlobalSection(ProjectConfigurationPlatforms) = postSolution
		{63E2F66C-F450-4CA7-9D75-44E1233082FD}.Debug|Any CPU.ActiveCfg = Debug|Any CPU
		{63E2F66C-F450-4CA7-9D75-44E1233082FD}.Debug|Any CPU.Build.0 = Debug|Any CPU
		{63E2F66C-F450-4CA7-9D75-44E1233082FD}.Release|Any CPU.ActiveCfg = Release|Any CPU
		{63E2F66C-F450-4CA7-9D75-44E1233082FD}.Release|Any CPU.Build.0 = Release|Any CPU
		{FC17EE7B-74A8-4063-9058-8F6465E0506F}.Debug|Any CPU.ActiveCfg = Debug|Any CPU
		{FC17EE7B-74A8-4063-9058-8F6465E0506F}.Debug|Any CPU.Build.0 = Debug|Any CPU
		{FC17EE7B-74A8-4063-9058-8F6465E0506F}.Release|Any CPU.ActiveCfg = Release|Any CPU
		{FC17EE7B-74A8-4063-9058-8F6465E0506F}.Release|Any CPU.Build.0 = Release|Any CPU
	EndGlobalSection
	GlobalSection(SolutionProperties) = preSolution
		HideSolutionNode = FALSE
	EndGlobalSection
	GlobalSection(ExtensibilityGlobals) = postSolution
		SolutionGuid = {EE49FB84-8C64-4885-9475-698B3276C448}
	EndGlobalSection
EndGlobal
